// !$*UTF8*$!
{ archiveVersion = 1; classes = {}; objectVersion = 56; objects = {
AD3392A6FF894585A1170101 = { isa = PBXFileReference; lastKnownFileType = sourcecode.swift; path = "BackgroundWorkChecks.swift"; sourceTree = "<group>"; };
AD3392A6FF894585A1170102 = { isa = PBXBuildFile; fileRef = AD3392A6FF894585A1170101; };
AD3392A6FF894585A1170103 = { isa = PBXFileReference; lastKnownFileType = sourcecode.swift; path = "PreviewRenderingChecks.swift"; sourceTree = "<group>"; };
AD3392A6FF894585A1170104 = { isa = PBXBuildFile; fileRef = AD3392A6FF894585A1170103; };
000000000000000000000460 = { isa = PBXFileReference; lastKnownFileType = sourcecode.swift; path = "FontLabToolbarChecks.swift"; sourceTree = "<group>"; };
000000000000000000000461 = { isa = PBXBuildFile; fileRef = 000000000000000000000460; };
000000000000000000000462 = { isa = PBXFileReference; lastKnownFileType = sourcecode.swift; path = "FontLabCanvasPerformanceChecks.swift"; sourceTree = "<group>"; };
000000000000000000000463 = { isa = PBXBuildFile; fileRef = 000000000000000000000462; };
000000000000000000000464 = { isa = PBXFileReference; lastKnownFileType = sourcecode.swift; path = "FontLabProofGeometry.swift"; sourceTree = "<group>"; };
000000000000000000000465 = { isa = PBXBuildFile; fileRef = 000000000000000000000464; };
000000000000000000000466 = { isa = PBXFileReference; lastKnownFileType = sourcecode.swift; path = "FontLabProofGeometryChecks.swift"; sourceTree = "<group>"; };
000000000000000000000467 = { isa = PBXBuildFile; fileRef = 000000000000000000000466; };
74F316AF0A8E47D98900B101 = { isa = PBXFileReference; lastKnownFileType = sourcecode.swift; path = "TypefieldUpdater.swift"; sourceTree = "<group>"; };
74F316AF0A8E47D98900B102 = { isa = PBXBuildFile; fileRef = 74F316AF0A8E47D98900B101; };
74F316AF0A8E47D98900B103 = { isa = PBXFileReference; lastKnownFileType = sourcecode.swift; path = "TypefieldUpdaterChecks.swift"; sourceTree = "<group>"; };
74F316AF0A8E47D98900B104 = { isa = PBXBuildFile; fileRef = 74F316AF0A8E47D98900B103; };
000000000000000000000450 = { isa = PBXFileReference; lastKnownFileType = sourcecode.swift; path = "FontLabPathConstruction.swift"; sourceTree = "<group>"; };
000000000000000000000451 = { isa = PBXBuildFile; fileRef = 000000000000000000000450; };
000000000000000000000452 = { isa = PBXFileReference; lastKnownFileType = sourcecode.swift; path = "FontLabPathConstructionChecks.swift"; sourceTree = "<group>"; };
000000000000000000000453 = { isa = PBXBuildFile; fileRef = 000000000000000000000452; };
000000000000000000000454 = { isa = PBXFileReference; lastKnownFileType = sourcecode.swift; path = "FontLabPathDrawingChecks.swift"; sourceTree = "<group>"; };
000000000000000000000455 = { isa = PBXBuildFile; fileRef = 000000000000000000000454; };
DCB585C9A99E0D1DB1849590 = { isa = PBXFileReference; lastKnownFileType = sourcecode.swift; path = "CanvasAlignmentGuides.swift"; sourceTree = "<group>"; };
ECB350FA634B9CA358F68178 = { isa = PBXBuildFile; fileRef = DCB585C9A99E0D1DB1849590; };
B708FBF37EDE52073A7CE3DD = { isa = PBXFileReference; lastKnownFileType = sourcecode.swift; path = "CanvasAlignmentGuideChecks.swift"; sourceTree = "<group>"; };
F13CF83362A18A947FD2D43F = { isa = PBXBuildFile; fileRef = B708FBF37EDE52073A7CE3DD; };
2D6C5A3D2DBE250083C5B6E6 = { isa = PBXFileReference; lastKnownFileType = sourcecode.swift; path = "CanvasObjectEffects.swift"; sourceTree = "<group>"; };
AAA2F4F64DC5A95154F4DAAF = { isa = PBXBuildFile; fileRef = 2D6C5A3D2DBE250083C5B6E6; };
B95FCA3456F41D20B35D0CCB = { isa = PBXFileReference; lastKnownFileType = sourcecode.swift; path = "CanvasObjectEffectsChecks.swift"; sourceTree = "<group>"; };
254DF723B1516E9715CAC8E9 = { isa = PBXBuildFile; fileRef = B95FCA3456F41D20B35D0CCB; };
48268C05F50852F2C0FB11D1 = { isa = PBXFileReference; lastKnownFileType = sourcecode.swift; path = "StudioInspectorPanels.swift"; sourceTree = "<group>"; };
99C1994B34EFBF21B22703F7 = { isa = PBXBuildFile; fileRef = 48268C05F50852F2C0FB11D1; };
000000000000000000000442 = { isa = PBXFileReference; lastKnownFileType = sourcecode.swift; path = "TypefieldTourCurve.swift"; sourceTree = "<group>"; };
000000000000000000000443 = { isa = PBXBuildFile; fileRef = 000000000000000000000442; };
000000000000000000000440 = { isa = PBXFileReference; lastKnownFileType = sourcecode.swift; path = "TypefieldTourSpecimen.swift"; sourceTree = "<group>"; };
000000000000000000000441 = { isa = PBXBuildFile; fileRef = 000000000000000000000440; };
000000000000000000000430 = { isa = PBXFileReference; lastKnownFileType = sourcecode.swift; path = "SpacesObjects.swift"; sourceTree = "<group>"; };
000000000000000000000431 = { isa = PBXBuildFile; fileRef = 000000000000000000000430; };
000000000000000000000320 = { isa = PBXFileReference; lastKnownFileType = sourcecode.swift; path = "TypefieldTour.swift"; sourceTree = "<group>"; };
000000000000000000000321 = { isa = PBXBuildFile; fileRef = 000000000000000000000320; };
000000000000000000000410 = { isa = PBXFileReference; lastKnownFileType = sourcecode.swift; path = "CanvasSelection.swift"; sourceTree = "<group>"; };
000000000000000000000420 = { isa = PBXBuildFile; fileRef = 000000000000000000000410; };
000000000000000000000411 = { isa = PBXFileReference; lastKnownFileType = sourcecode.swift; path = "CanvasSelectionChecks.swift"; sourceTree = "<group>"; };
000000000000000000000421 = { isa = PBXBuildFile; fileRef = 000000000000000000000411; };
000000000000000000000412 = { isa = PBXFileReference; lastKnownFileType = sourcecode.swift; path = "FontActivationControls.swift"; sourceTree = "<group>"; };
000000000000000000000422 = { isa = PBXBuildFile; fileRef = 000000000000000000000412; };
000000000000000000000413 = { isa = PBXFileReference; lastKnownFileType = sourcecode.swift; path = "SpacesInteractionChecks.swift"; sourceTree = "<group>"; };
000000000000000000000423 = { isa = PBXBuildFile; fileRef = 000000000000000000000413; };
000000000000000000000414 = { isa = PBXFileReference; lastKnownFileType = sourcecode.swift; path = "StudioExportScope.swift"; sourceTree = "<group>"; };
000000000000000000000424 = { isa = PBXBuildFile; fileRef = 000000000000000000000414; };
000000000000000000000415 = { isa = PBXFileReference; lastKnownFileType = sourcecode.swift; path = "StudioExportWindow.swift"; sourceTree = "<group>"; };
000000000000000000000425 = { isa = PBXBuildFile; fileRef = 000000000000000000000415; };
000000000000000000000380 = { isa = PBXFileReference; lastKnownFileType = sourcecode.swift; path = "FontLabEditorStateChecks.swift"; sourceTree = "<group>"; };
000000000000000000000390 = { isa = PBXBuildFile; fileRef = 000000000000000000000380; };
000000000000000000000381 = { isa = PBXFileReference; lastKnownFileType = sourcecode.swift; path = "FontLabInteractionChecks.swift"; sourceTree = "<group>"; };
000000000000000000000391 = { isa = PBXBuildFile; fileRef = 000000000000000000000381; };
000000000000000000000383 = { isa = PBXFileReference; lastKnownFileType = sourcecode.swift; path = "FontLabSketchReshape.swift"; sourceTree = "<group>"; };
000000000000000000000393 = { isa = PBXBuildFile; fileRef = 000000000000000000000383; };
000000000000000000000382 = { isa = PBXFileReference; lastKnownFileType = sourcecode.swift; path = "FontLabPersistenceChecks.swift"; sourceTree = "<group>"; };
000000000000000000000392 = { isa = PBXBuildFile; fileRef = 000000000000000000000382; };
000000000000000000000200 = { isa = PBXFileReference; lastKnownFileType = sourcecode.swift; path = "WorkspaceWindows.swift"; sourceTree = "<group>"; };
000000000000000000000201 = { isa = PBXBuildFile; fileRef = 000000000000000000000200; };
000000000000000000000304 = { isa = PBXFileReference; lastKnownFileType = sourcecode.swift; path = "FontLabWidthPrior.swift"; sourceTree = "<group>"; };
000000000000000000000314 = { isa = PBXBuildFile; fileRef = 000000000000000000000304; };
000000000000000000000303 = { isa = PBXFileReference; lastKnownFileType = sourcecode.swift; path = "FontLabExamples.swift"; sourceTree = "<group>"; };
000000000000000000000313 = { isa = PBXBuildFile; fileRef = 000000000000000000000303; };
000000000000000000000302 = { isa = PBXFileReference; lastKnownFileType = sourcecode.swift; path = "TypefieldSettingsChecks.swift"; sourceTree = "<group>"; };
000000000000000000000312 = { isa = PBXBuildFile; fileRef = 000000000000000000000302; };
000000000000000000000300 = { isa = PBXFileReference; lastKnownFileType = sourcecode.swift; path = "TypefieldIcon.swift"; sourceTree = "<group>"; };
000000000000000000000310 = { isa = PBXBuildFile; fileRef = 000000000000000000000300; };
000000000000000000000301 = { isa = PBXFileReference; lastKnownFileType = sourcecode.swift; path = "TypefieldSettings.swift"; sourceTree = "<group>"; };
000000000000000000000311 = { isa = PBXBuildFile; fileRef = 000000000000000000000301; };

000000000000000000000091 = { isa = PBXFileReference; lastKnownFileType = sourcecode.swift; path = "StudioFloatingInspector.swift"; sourceTree = "<group>"; };
000000000000000000000101 = { isa = PBXBuildFile; fileRef = 000000000000000000000091; };
000000000000000000000092 = { isa = PBXFileReference; lastKnownFileType = sourcecode.swift; path = "StudioEditorSession.swift"; sourceTree = "<group>"; };
000000000000000000000102 = { isa = PBXBuildFile; fileRef = 000000000000000000000092; };
000000000000000000000093 = { isa = PBXFileReference; lastKnownFileType = sourcecode.swift; path = "FontLabStarterAssist.swift"; sourceTree = "<group>"; };
000000000000000000000103 = { isa = PBXBuildFile; fileRef = 000000000000000000000093; };
000000000000000000000094 = { isa = PBXFileReference; lastKnownFileType = sourcecode.swift; path = "FontLabStarterAssistView.swift"; sourceTree = "<group>"; };
000000000000000000000104 = { isa = PBXBuildFile; fileRef = 000000000000000000000094; };
000000000000000000000095 = { isa = PBXFileReference; lastKnownFileType = sourcecode.swift; path = "FontLabStarterAssistChecks.swift"; sourceTree = "<group>"; };
000000000000000000000105 = { isa = PBXBuildFile; fileRef = 000000000000000000000095; };
000000000000000000000096 = { isa = PBXFileReference; lastKnownFileType = sourcecode.swift; path = "FontLabStarterQualityAudit.swift"; sourceTree = "<group>"; };
000000000000000000000106 = { isa = PBXBuildFile; fileRef = 000000000000000000000096; };
00000000000000000000008E = { isa = PBXFileReference; lastKnownFileType = sourcecode.swift; path = "FontLabShortcuts.swift"; sourceTree = "<group>"; };
0000000000000000000000FE = { isa = PBXBuildFile; fileRef = 00000000000000000000008E; };
00000000000000000000008F = { isa = PBXFileReference; lastKnownFileType = sourcecode.swift; path = "TypefieldShortcutReference.swift"; sourceTree = "<group>"; };
0000000000000000000000FF = { isa = PBXBuildFile; fileRef = 00000000000000000000008F; };
000000000000000000000090 = { isa = PBXFileReference; lastKnownFileType = sourcecode.swift; path = "GoogleFontDownloadChecks.swift"; sourceTree = "<group>"; };
000000000000000000000100 = { isa = PBXBuildFile; fileRef = 000000000000000000000090; };
00000000000000000000008D = { isa = PBXFileReference; lastKnownFileType = sourcecode.swift; path = "FontLabDesignChecks.swift"; sourceTree = "<group>"; };
0000000000000000000000FD = { isa = PBXBuildFile; fileRef = 00000000000000000000008D; };
00000000000000000000008C = { isa = PBXFileReference; lastKnownFileType = sourcecode.swift; path = "FontLabTraceSmoothing.swift"; sourceTree = "<group>"; };
0000000000000000000000FC = { isa = PBXBuildFile; fileRef = 00000000000000000000008C; };
00000000000000000000008B = { isa = PBXFileReference; lastKnownFileType = sourcecode.swift; path = "FontLabDesignView.swift"; sourceTree = "<group>"; };
0000000000000000000000FB = { isa = PBXBuildFile; fileRef = 00000000000000000000008B; };
00000000000000000000008A = { isa = PBXFileReference; lastKnownFileType = sourcecode.swift; path = "FontLabDesign.swift"; sourceTree = "<group>"; };
0000000000000000000000FA = { isa = PBXBuildFile; fileRef = 00000000000000000000008A; };
000000000000000000000089 = { isa = PBXFileReference; lastKnownFileType = sourcecode.swift; path = "StudioTypography.swift"; sourceTree = "<group>"; };
0000000000000000000000F9 = { isa = PBXBuildFile; fileRef = 000000000000000000000089; };
000000000000000000000088 = { isa = PBXFileReference; lastKnownFileType = sourcecode.swift; path = "FontLabVectorChecks.swift"; sourceTree = "<group>"; };
0000000000000000000000F8 = { isa = PBXBuildFile; fileRef = 000000000000000000000088; };
000000000000000000000087 = { isa = PBXFileReference; lastKnownFileType = sourcecode.swift; path = "FontLabVectorCanvas.swift"; sourceTree = "<group>"; };
0000000000000000000000F7 = { isa = PBXBuildFile; fileRef = 000000000000000000000087; };
000000000000000000000086 = { isa = PBXFileReference; lastKnownFileType = sourcecode.swift; path = "FontLabVectorEditor.swift"; sourceTree = "<group>"; };
0000000000000000000000F6 = { isa = PBXBuildFile; fileRef = 000000000000000000000086; };
000000000000000000000085 = { isa = PBXFileReference; lastKnownFileType = sourcecode.swift; path = "FontLabVector.swift"; sourceTree = "<group>"; };
0000000000000000000000F5 = { isa = PBXBuildFile; fileRef = 000000000000000000000085; };
000000000000000000000084 = { isa = PBXFileReference; lastKnownFileType = sourcecode.swift; path = "FontLabArtworkChecks.swift"; sourceTree = "<group>"; };
0000000000000000000000F4 = { isa = PBXBuildFile; fileRef = 000000000000000000000084; };
000000000000000000000082 = { isa = PBXFileReference; lastKnownFileType = sourcecode.swift; path = "FontLabArtworkImport.swift"; sourceTree = "<group>"; };
0000000000000000000000F2 = { isa = PBXBuildFile; fileRef = 000000000000000000000082; };
000000000000000000000083 = { isa = PBXFileReference; lastKnownFileType = sourcecode.swift; path = "FontLabArtworkImportView.swift"; sourceTree = "<group>"; };
0000000000000000000000F3 = { isa = PBXBuildFile; fileRef = 000000000000000000000083; };
000000000000000000000076 = { isa = PBXFileReference; lastKnownFileType = sourcecode.swift; path = "DeveloperHandoff.swift"; sourceTree = "<group>"; };
0000000000000000000000E6 = { isa = PBXBuildFile; fileRef = 000000000000000000000076; };
000000000000000000000077 = { isa = PBXFileReference; lastKnownFileType = sourcecode.swift; path = "FontRepair.swift"; sourceTree = "<group>"; };
0000000000000000000000E7 = { isa = PBXBuildFile; fileRef = 000000000000000000000077; };
000000000000000000000078 = { isa = PBXFileReference; lastKnownFileType = sourcecode.swift; path = "LibraryIntelligence.swift"; sourceTree = "<group>"; };
0000000000000000000000E8 = { isa = PBXBuildFile; fileRef = 000000000000000000000078; };
000000000000000000000079 = { isa = PBXFileReference; lastKnownFileType = sourcecode.swift; path = "WebFontAudit.swift"; sourceTree = "<group>"; };
0000000000000000000000E9 = { isa = PBXBuildFile; fileRef = 000000000000000000000079; };
00000000000000000000007A = { isa = PBXFileReference; lastKnownFileType = sourcecode.swift; path = "AdobeTypeSystem.swift"; sourceTree = "<group>"; };
0000000000000000000000EA = { isa = PBXBuildFile; fileRef = 00000000000000000000007A; };
00000000000000000000007B = { isa = PBXFileReference; lastKnownFileType = sourcecode.swift; path = "FontLab.swift"; sourceTree = "<group>"; };
0000000000000000000000EB = { isa = PBXBuildFile; fileRef = 00000000000000000000007B; };
00000000000000000000007C = { isa = PBXFileReference; lastKnownFileType = sourcecode.swift; path = "FontPairing.swift"; sourceTree = "<group>"; };
0000000000000000000000EC = { isa = PBXBuildFile; fileRef = 00000000000000000000007C; };
00000000000000000000007D = { isa = PBXFileReference; lastKnownFileType = sourcecode.swift; path = "FontPairingSuggestions.swift"; sourceTree = "<group>"; };
0000000000000000000000ED = { isa = PBXBuildFile; fileRef = 00000000000000000000007D; };
00000000000000000000007E = { isa = PBXFileReference; lastKnownFileType = sourcecode.swift; path = "TypeboardCreation.swift"; sourceTree = "<group>"; };
0000000000000000000000EE = { isa = PBXBuildFile; fileRef = 00000000000000000000007E; };
00000000000000000000007F = { isa = PBXFileReference; lastKnownFileType = sourcecode.swift; path = "FontLabRemix.swift"; sourceTree = "<group>"; };
0000000000000000000000EF = { isa = PBXBuildFile; fileRef = 00000000000000000000007F; };
000000000000000000000080 = { isa = PBXFileReference; lastKnownFileType = sourcecode.swift; path = "FontLabTrueTypeExport.swift"; sourceTree = "<group>"; };
0000000000000000000000F0 = { isa = PBXBuildFile; fileRef = 000000000000000000000080; };
00000000000000000000012F = { isa = PBXFileReference; lastKnownFileType = folder; path = FigmaImport; sourceTree = "<group>"; };
000000000000000000000193 = { isa = PBXBuildFile; fileRef = 00000000000000000000012F; };
000000000000000000000074 = { isa = PBXFileReference; lastKnownFileType = sourcecode.swift; path = "LibraryExtras.swift"; sourceTree = "<group>"; };
0000000000000000000000E4 = { isa = PBXBuildFile; fileRef = 000000000000000000000074; };
000000000000000000000075 = { isa = PBXFileReference; lastKnownFileType = sourcecode.swift; path = "StudioChecks.swift"; sourceTree = "<group>"; };
0000000000000000000000E5 = { isa = PBXBuildFile; fileRef = 000000000000000000000075; };
000000000000000000000070 = { isa = PBXFileReference; lastKnownFileType = sourcecode.swift; path = "StudioModels.swift"; sourceTree = "<group>"; };
0000000000000000000000E0 = { isa = PBXBuildFile; fileRef = 000000000000000000000070; };
000000000000000000000071 = { isa = PBXFileReference; lastKnownFileType = sourcecode.swift; path = "StudioView.swift"; sourceTree = "<group>"; };
0000000000000000000000E1 = { isa = PBXBuildFile; fileRef = 000000000000000000000071; };
000000000000000000000072 = { isa = PBXFileReference; lastKnownFileType = sourcecode.swift; path = "GlyphBrowser.swift"; sourceTree = "<group>"; };
0000000000000000000000E2 = { isa = PBXBuildFile; fileRef = 000000000000000000000072; };
000000000000000000000073 = { isa = PBXFileReference; lastKnownFileType = sourcecode.swift; path = "FolderWatching.swift"; sourceTree = "<group>"; };
0000000000000000000000E3 = { isa = PBXBuildFile; fileRef = 000000000000000000000073; };
00000000000000000000006D = { isa = PBXFileReference; lastKnownFileType = sourcecode.swift; path = "PreviewLayout.swift"; sourceTree = "<group>"; };
0000000000000000000000D1 = { isa = PBXBuildFile; fileRef = 00000000000000000000006D; };
000000000000000000000064 = { isa = PBXFileReference; lastKnownFileType = sourcecode.swift; path = "Appearance.swift"; sourceTree = "<group>"; };
0000000000000000000000C8 = { isa = PBXBuildFile; fileRef = 000000000000000000000064; };
000000000000000000000065 = { isa = PBXFileReference; lastKnownFileType = sourcecode.swift; path = "Features.swift"; sourceTree = "<group>"; };
0000000000000000000000C9 = { isa = PBXBuildFile; fileRef = 000000000000000000000065; };
000000000000000000000066 = { isa = PBXFileReference; lastKnownFileType = sourcecode.swift; path = "FolderAccess.swift"; sourceTree = "<group>"; };
0000000000000000000000CA = { isa = PBXBuildFile; fileRef = 000000000000000000000066; };
000000000000000000000067 = { isa = PBXFileReference; lastKnownFileType = sourcecode.swift; path = "FontInspector.swift"; sourceTree = "<group>"; };
0000000000000000000000CB = { isa = PBXBuildFile; fileRef = 000000000000000000000067; };
000000000000000000000068 = { isa = PBXFileReference; lastKnownFileType = sourcecode.swift; path = "KnownCategories.swift"; sourceTree = "<group>"; };
0000000000000000000000CC = { isa = PBXBuildFile; fileRef = 000000000000000000000068; };
000000000000000000000069 = { isa = PBXFileReference; lastKnownFileType = sourcecode.swift; path = "LibraryTools.swift"; sourceTree = "<group>"; };
0000000000000000000000CD = { isa = PBXBuildFile; fileRef = 000000000000000000000069; };
00000000000000000000006A = { isa = PBXFileReference; lastKnownFileType = sourcecode.swift; path = "ProChecks.swift"; sourceTree = "<group>"; };
0000000000000000000000CE = { isa = PBXBuildFile; fileRef = 00000000000000000000006A; };
00000000000000000000006B = { isa = PBXFileReference; lastKnownFileType = sourcecode.swift; path = "ProModels.swift"; sourceTree = "<group>"; };
0000000000000000000000CF = { isa = PBXBuildFile; fileRef = 00000000000000000000006B; };
00000000000000000000006C = { isa = PBXFileReference; lastKnownFileType = sourcecode.swift; path = "main.swift"; sourceTree = "<group>"; };
0000000000000000000000D0 = { isa = PBXBuildFile; fileRef = 00000000000000000000006C; };
00000000000000000000012C = { isa = PBXFileReference; lastKnownFileType = text.json; path = "GoogleVariableFonts.json"; sourceTree = "<group>"; };
000000000000000000000190 = { isa = PBXBuildFile; fileRef = 00000000000000000000012C; };
00000000000000000000012D = { isa = PBXFileReference; lastKnownFileType = text.xml; path = "PrivacyInfo.xcprivacy"; sourceTree = "<group>"; };
000000000000000000000191 = { isa = PBXBuildFile; fileRef = 00000000000000000000012D; };
00000000000000000000012E = { isa = PBXFileReference; lastKnownFileType = folder.assetcatalog; path = "Assets.xcassets"; sourceTree = "<group>"; };
000000000000000000000192 = { isa = PBXBuildFile; fileRef = 00000000000000000000012E; };
000000000000000000000001 = { isa = PBXProject; attributes = { LastUpgradeCheck = 2600; }; buildConfigurationList = 00000000000000000000000A; compatibilityVersion = "Xcode 14.0"; developmentRegion = en; knownRegions = (en, Base); mainGroup = 000000000000000000000002; productRefGroup = 000000000000000000000005; projectDirPath = ""; projectRoot = ""; targets = (000000000000000000000006); };
000000000000000000000002 = { isa = PBXGroup; children = (000000000000000000000003, 000000000000000000000004, 000000000000000000000005); sourceTree = "<group>"; };
000000000000000000000003 = { isa = PBXGroup; children = (AD3392A6FF894585A1170101,AD3392A6FF894585A1170103,74F316AF0A8E47D98900B101,74F316AF0A8E47D98900B103,000000000000000000000450,000000000000000000000452,000000000000000000000454,DCB585C9A99E0D1DB1849590,B708FBF37EDE52073A7CE3DD,2D6C5A3D2DBE250083C5B6E6,B95FCA3456F41D20B35D0CCB,48268C05F50852F2C0FB11D1,000000000000000000000442,000000000000000000000440,000000000000000000000430,000000000000000000000320,000000000000000000000410,000000000000000000000411,000000000000000000000412,000000000000000000000413,000000000000000000000414,000000000000000000000415,000000000000000000000380,000000000000000000000381,000000000000000000000382,000000000000000000000383,000000000000000000000200,000000000000000000000304,000000000000000000000303,000000000000000000000302,000000000000000000000301,000000000000000000000300,000000000000000000000064,000000000000000000000065,000000000000000000000066,000000000000000000000067,000000000000000000000068,000000000000000000000069,00000000000000000000006A,00000000000000000000006B,00000000000000000000006C,00000000000000000000006D,000000000000000000000070,000000000000000000000071,000000000000000000000072,000000000000000000000073,000000000000000000000074,000000000000000000000075,000000000000000000000076,000000000000000000000077,000000000000000000000078,000000000000000000000079,00000000000000000000007A,00000000000000000000007B,00000000000000000000007C,00000000000000000000007D,00000000000000000000007E,00000000000000000000007F,000000000000000000000080,000000000000000000000082,000000000000000000000083,000000000000000000000085,000000000000000000000086,000000000000000000000087,000000000000000000000088,000000000000000000000089,00000000000000000000008D,00000000000000000000008C,00000000000000000000008B,00000000000000000000008A,000000000000000000000084,00000000000000000000008E,00000000000000000000008F,000000000000000000000090,000000000000000000000091,000000000000000000000092,000000000000000000000093,000000000000000000000094,000000000000000000000095,000000000000000000000096,000000000000000000000460,000000000000000000000462,000000000000000000000464,000000000000000000000466); path = Sources; sourceTree = "<group>"; };
000000000000000000000004 = { isa = PBXGroup; children = (00000000000000000000012C,00000000000000000000012D,00000000000000000000012E,00000000000000000000012F); path = Resources; sourceTree = "<group>"; };
000000000000000000000005 = { isa = PBXGroup; children = (000000000000000000000007); name = Products; sourceTree = "<group>"; };
000000000000000000000006 = { isa = PBXNativeTarget; buildConfigurationList = 00000000000000000000000B; buildPhases = (000000000000000000000008, 000000000000000000000009); buildRules = (); dependencies = (); name = Typefield; productName = Typefield; productReference = 000000000000000000000007; productType = "com.apple.product-type.application"; };
000000000000000000000007 = { isa = PBXFileReference; explicitFileType = wrapper.application; includeInIndex = 0; path = Typefield.app; sourceTree = BUILT_PRODUCTS_DIR; };
000000000000000000000008 = { isa = PBXSourcesBuildPhase; buildActionMask = 2147483647; files = (AD3392A6FF894585A1170102,AD3392A6FF894585A1170104,74F316AF0A8E47D98900B102,74F316AF0A8E47D98900B104,000000000000000000000451,000000000000000000000453,000000000000000000000455,ECB350FA634B9CA358F68178,F13CF83362A18A947FD2D43F,AAA2F4F64DC5A95154F4DAAF,254DF723B1516E9715CAC8E9,99C1994B34EFBF21B22703F7,000000000000000000000443,000000000000000000000441,000000000000000000000431,000000000000000000000321,000000000000000000000420,000000000000000000000421,000000000000000000000422,000000000000000000000423,000000000000000000000424,000000000000000000000425,000000000000000000000390,000000000000000000000391,000000000000000000000392,000000000000000000000393,000000000000000000000201,000000000000000000000314,000000000000000000000313,000000000000000000000312,000000000000000000000311,000000000000000000000310,0000000000000000000000C8,0000000000000000000000C9,0000000000000000000000CA,0000000000000000000000CB,0000000000000000000000CC,0000000000000000000000CD,0000000000000000000000CE,0000000000000000000000CF,0000000000000000000000D0,0000000000000000000000D1,0000000000000000000000E0,0000000000000000000000E1,0000000000000000000000E2,0000000000000000000000E3,0000000000000000000000E4,0000000000000000000000E5,0000000000000000000000E6,0000000000000000000000E7,0000000000000000000000E8,0000000000000000000000E9,0000000000000000000000EA,0000000000000000000000EB,0000000000000000000000EC,0000000000000000000000ED,0000000000000000000000EE,0000000000000000000000EF,0000000000000000000000F0,0000000000000000000000F2,0000000000000000000000F3,0000000000000000000000F5,0000000000000000000000F6,0000000000000000000000F7,0000000000000000000000F8,0000000000000000000000F9,0000000000000000000000FD,0000000000000000000000FC,0000000000000000000000FB,0000000000000000000000FA,0000000000000000000000F4,0000000000000000000000FE,0000000000000000000000FF,000000000000000000000100,000000000000000000000101,000000000000000000000102,000000000000000000000103,000000000000000000000104,000000000000000000000105,000000000000000000000106,000000000000000000000461,000000000000000000000463,000000000000000000000465,000000000000000000000467); runOnlyForDeploymentPostprocessing = 0; };
000000000000000000000009 = { isa = PBXResourcesBuildPhase; buildActionMask = 2147483647; files = (000000000000000000000190,000000000000000000000191,000000000000000000000192,000000000000000000000193); runOnlyForDeploymentPostprocessing = 0; };
00000000000000000000000A = { isa = XCConfigurationList; buildConfigurations = (00000000000000000000000C,00000000000000000000000D); defaultConfigurationIsVisible = 0; defaultConfigurationName = Release; };
00000000000000000000000B = { isa = XCConfigurationList; buildConfigurations = (00000000000000000000000E,00000000000000000000000F); defaultConfigurationIsVisible = 0; defaultConfigurationName = Release; };
00000000000000000000000C = { isa = XCBuildConfiguration; name = Debug; buildSettings = { SDKROOT = macosx; MACOSX_DEPLOYMENT_TARGET = 13.0; CLANG_ENABLE_MODULES = YES; }; };
00000000000000000000000D = { isa = XCBuildConfiguration; name = Release; buildSettings = { SDKROOT = macosx; MACOSX_DEPLOYMENT_TARGET = 13.0; CLANG_ENABLE_MODULES = YES; }; };
00000000000000000000000E = { isa = XCBuildConfiguration; name = Debug; buildSettings = { ARCHS = arm64; SWIFT_TREAT_WARNINGS_AS_ERRORS = YES; CODE_SIGN_STYLE = Automatic; CODE_SIGN_ENTITLEMENTS = Resources/Typefield.entitlements; ENABLE_APP_SANDBOX = YES; ENABLE_HARDENED_RUNTIME = YES; GENERATE_INFOPLIST_FILE = NO; INFOPLIST_FILE = Resources/Info-Store.plist; PRODUCT_BUNDLE_IDENTIFIER = local.typefield.app; PRODUCT_NAME = "$(TARGET_NAME)"; SWIFT_VERSION = 5.0; ASSETCATALOG_COMPILER_APPICON_NAME = AppIcon; SWIFT_OPTIMIZATION_LEVEL = "-Onone"; ONLY_ACTIVE_ARCH = YES; }; };
00000000000000000000000F = { isa = XCBuildConfiguration; name = Release; buildSettings = { ARCHS = arm64; SWIFT_TREAT_WARNINGS_AS_ERRORS = YES; CODE_SIGN_STYLE = Automatic; CODE_SIGN_ENTITLEMENTS = Resources/Typefield.entitlements; ENABLE_APP_SANDBOX = YES; ENABLE_HARDENED_RUNTIME = YES; GENERATE_INFOPLIST_FILE = NO; INFOPLIST_FILE = Resources/Info-Store.plist; PRODUCT_BUNDLE_IDENTIFIER = local.typefield.app; PRODUCT_NAME = "$(TARGET_NAME)"; SWIFT_VERSION = 5.0; ASSETCATALOG_COMPILER_APPICON_NAME = AppIcon; SWIFT_COMPILATION_MODE = wholemodule; SWIFT_OPTIMIZATION_LEVEL = "-O"; ONLY_ACTIVE_ARCH = NO; }; };
}; rootObject = 000000000000000000000001; }
